
Microsoft Visual Studio Solution File, Format Version 12.00
# Visual Studio Version 17
VisualStudioVersion = 17.5.002.0
MinimumVisualStudioVersion = 10.0.40219.1
Project("{9A19103F-16F7-4668-BE54-9A1E7A4F7556}") = "Movies", "Movies\Movies.csproj", "{7A5E28C6-0192-4EFF-9DFE-47B092679B87}"
EndProject
Project("{FAE04EC0-301F-11D3-BF4B-00C04F79EFBC}") = "Actors", "Actors\Actors.csproj", "{1C200D52-A852-4BCF-9EDA-708C8EB3CA07}"
EndProject
Global
	GlobalSection(SolutionConfigurationPlatforms) = preSolution
		Debug|Any CPU = Debug|Any CPU
		Release|Any CPU = Release|Any CPU
	EndGlobalSection
	GlobalSection(ProjectConfigurationPlatforms) = postSolution
		{7A5E28C6-0192-4EFF-9DFE-47B092679B87}.Debug|Any CPU.ActiveCfg = Debug|Any CPU
		{7A5E28C6-0192-4EFF-9DFE-47B092679B87}.Debug|Any CPU.Build.0 = Debug|Any CPU
		{7A5E28C6-0192-4EFF-9DFE-47B092679B87}.Release|Any CPU.ActiveCfg = Release|Any CPU
		{7A5E28C6-0192-4EFF-9DFE-47B092679B87}.Release|Any CPU.Build.0 = Release|Any CPU
		{1C200D52-A852-4BCF-9EDA-708C8EB3CA07}.Debug|Any CPU.ActiveCfg = Debug|Any CPU
		{1C200D52-A852-4BCF-9EDA-708C8EB3CA07}.Debug|Any CPU.Build.0 = Debug|Any CPU
		{1C200D52-A852-4BCF-9EDA-708C8EB3CA07}.Release|Any CPU.ActiveCfg = Release|Any CPU
		{1C200D52-A852-4BCF-9EDA-708C8EB3CA07}.Release|Any CPU.Build.0 = Release|Any CPU
	EndGlobalSection
	GlobalSection(SolutionProperties) = preSolution
		HideSolutionNode = FALSE
	EndGlobalSection
	GlobalSection(ExtensibilityGlobals) = postSolution
		SolutionGuid = {AE8C1BB7-B009-4F7D-8896-95A9651080EB}
	EndGlobalSection
EndGlobal
